
Microsoft Visual Studio Solution File, Format Version 12.00
# Visual Studio Version 17
VisualStudioVersion = 17.0.31903.59
MinimumVisualStudioVersion = 10.0.40219.1
Project("{2150E333-8FDC-42A3-9474-1A3956D46DE8}") = "src", "src", "{E35C8F52-5000-4427-9589-AEB5987C1AC6}"
EndProject
Project("{2150E333-8FDC-42A3-9474-1A3956D46DE8}") = "Testing", "Testing", "{FE421F00-7FFD-4666-A961-F1FF325ECD34}"
EndProject
Project("{FAE04EC0-301F-11D3-BF4B-00C04F79EFBC}") = "Compendium.Testing", "src\Testing\Compendium.Testing\Compendium.Testing.csproj", "{6DDE8A0C-62D5-4599-88B9-140E865C64DB}"
EndProject
Project("{2150E333-8FDC-42A3-9474-1A3956D46DE8}") = "Core", "Core", "{EB7EC291-3D6B-428E-A864-67838E531D02}"
EndProject
Project("{FAE04EC0-301F-11D3-BF4B-00C04F79EFBC}") = "Compendium.Core", "src\Core\Compendium.Core\Compendium.Core.csproj", "{592DD239-10F3-4A45-B368-04BC19312533}"
EndProject
Project("{2150E333-8FDC-42A3-9474-1A3956D46DE8}") = "Extensions", "Extensions", "{F9D68B92-675B-4F54-971E-582E6B8CDEBB}"
EndProject
Project("{FAE04EC0-301F-11D3-BF4B-00C04F79EFBC}") = "Compendium.Extensions.ExternalAdapters", "src\Extensions\Compendium.Extensions.ExternalAdapters\Compendium.Extensions.ExternalAdapters.csproj", "{D9576A8C-3F20-4BA1-8EA8-EB7CFB4C76A1}"
EndProject
Project("{2150E333-8FDC-42A3-9474-1A3956D46DE8}") = "Adapters", "Adapters", "{73261E87-8FCA-40B6-940B-E25CBDBE33FB}"
EndProject
Project("{FAE04EC0-301F-11D3-BF4B-00C04F79EFBC}") = "Compendium.Adapters.Redis", "src\Adapters\Compendium.Adapters.Redis\Compendium.Adapters.Redis.csproj", "{34418C31-9DE6-4384-A532-F2CA5BBCE8B9}"
EndProject
Project("{FAE04EC0-301F-11D3-BF4B-00C04F79EFBC}") = "Compendium.Adapters.Listmonk", "src\Adapters\Compendium.Adapters.Listmonk\Compendium.Adapters.Listmonk.csproj", "{BE7CD073-BB6D-43A1-ADD9-6E0B378FCEF7}"
EndProject
Project("{FAE04EC0-301F-11D3-BF4B-00C04F79EFBC}") = "Compendium.Adapters.LemonSqueezy", "src\Adapters\Compendium.Adapters.LemonSqueezy\Compendium.Adapters.LemonSqueezy.csproj", "{0D98405D-8FD8-4B7D-9582-EDE936C41249}"
EndProject
Project("{FAE04EC0-301F-11D3-BF4B-00C04F79EFBC}") = "Compendium.Adapters.Zitadel", "src\Adapters\Compendium.Adapters.Zitadel\Compendium.Adapters.Zitadel.csproj", "{FB414847-29F5-4670-BF1B-B238D36E6EC0}"
EndProject
Project("{FAE04EC0-301F-11D3-BF4B-00C04F79EFBC}") = "Compendium.Adapters.PostgreSQL", "src\Adapters\Compendium.Adapters.PostgreSQL\Compendium.Adapters.PostgreSQL.csproj", "{9729D7BC-8491-4FEC-9CD1-331205238B02}"
EndProject
Project("{FAE04EC0-301F-11D3-BF4B-00C04F79EFBC}") = "Compendium.Adapters.AspNetCore", "src\Adapters\Compendium.Adapters.AspNetCore\Compendium.Adapters.AspNetCore.csproj", "{72568626-69C0-4F8B-99E6-5B9C19B628F0}"
EndProject
Project("{FAE04EC0-301F-11D3-BF4B-00C04F79EFBC}") = "Compendium.Adapters.Stripe", "src\Adapters\Compendium.Adapters.Stripe\Compendium.Adapters.Stripe.csproj", "{40EA7AF8-F482-46E1-A12A-E7262611AD56}"
EndProject
Project("{FAE04EC0-301F-11D3-BF4B-00C04F79EFBC}") = "Compendium.Adapters.OpenRouter", "src\Adapters\Compendium.Adapters.OpenRouter\Compendium.Adapters.OpenRouter.csproj", "{63B5170D-14B9-42E0-A802-60C725C76779}"
EndProject
Project("{2150E333-8FDC-42A3-9474-1A3956D46DE8}") = "Multitenancy", "Multitenancy", "{7D93B604-672F-42F8-8BB5-F04DF5D76B04}"
EndProject
Project("{FAE04EC0-301F-11D3-BF4B-00C04F79EFBC}") = "Compendium.Multitenancy", "src\Multitenancy\Compendium.Multitenancy\Compendium.Multitenancy.csproj", "{3250A41B-0FD8-4AAB-9E6F-52E36DA0C4DF}"
EndProject
Project("{2150E333-8FDC-42A3-9474-1A3956D46DE8}") = "Abstractions", "Abstractions", "{DE85A2F8-C0BA-47FD-8E9A-7D782FD6D3E2}"
EndProject
Project("{FAE04EC0-301F-11D3-BF4B-00C04F79EFBC}") = "Compendium.Abstractions.Identity", "src\Abstractions\Compendium.Abstractions.Identity\Compendium.Abstractions.Identity.csproj", "{DB237D9D-D74E-44B8-BBF8-FD42C2D11451}"
EndProject
Project("{FAE04EC0-301F-11D3-BF4B-00C04F79EFBC}") = "Compendium.Abstractions.AI", "src\Abstractions\Compendium.Abstractions.AI\Compendium.Abstractions.AI.csproj", "{8CB6059E-3D0D-45C5-BD52-D34E36C54D4A}"
EndProject
Project("{FAE04EC0-301F-11D3-BF4B-00C04F79EFBC}") = "Compendium.Abstractions.Email", "src\Abstractions\Compendium.Abstractions.Email\Compendium.Abstractions.Email.csproj", "{6D4EACF9-3B8B-49C2-B413-335A110F5302}"
EndProject
Project("{FAE04EC0-301F-11D3-BF4B-00C04F79EFBC}") = "Compendium.Abstractions.Billing", "src\Abstractions\Compendium.Abstractions.Billing\Compendium.Abstractions.Billing.csproj", "{0141D7D7-84F4-468F-89F7-167A64668760}"
EndProject
Project("{FAE04EC0-301F-11D3-BF4B-00C04F79EFBC}") = "Compendium.Abstractions", "src\Abstractions\Compendium.Abstractions\Compendium.Abstractions.csproj", "{3C210D25-1990-4DD1-8CAA-9BB53666F01E}"
EndProject
Project("{2150E333-8FDC-42A3-9474-1A3956D46DE8}") = "Application", "Application", "{358D8F06-DA30-470A-AD05-C6F7F9E27F6D}"
EndProject
Project("{FAE04EC0-301F-11D3-BF4B-00C04F79EFBC}") = "Compendium.Application", "src\Application\Compendium.Application\Compendium.Application.csproj", "{CDEE02AD-49F3-48FC-8133-C6732497F7AA}"
EndProject
Project("{2150E333-8FDC-42A3-9474-1A3956D46DE8}") = "Infrastructure", "Infrastructure", "{BAD15760-DEE2-4B2B-A3BB-8C3F0BCFD9BD}"
EndProject
Project("{FAE04EC0-301F-11D3-BF4B-00C04F79EFBC}") = "Compendium.Infrastructure", "src\Infrastructure\Compendium.Infrastructure\Compendium.Infrastructure.csproj", "{3CA96EB0-3E90-4824-B8A0-38CFF879DCEA}"
EndProject
Project("{2150E333-8FDC-42A3-9474-1A3956D46DE8}") = "tests", "tests", "{B23A5693-C266-43DC-8D3E-CBB108131762}"
EndProject
Project("{2150E333-8FDC-42A3-9474-1A3956D46DE8}") = "Unit", "Unit", "{6E0B453A-55CF-4567-ADBD-50CFB84CE629}"
EndProject
Project("{FAE04EC0-301F-11D3-BF4B-00C04F79EFBC}") = "Compendium.Adapters.OpenRouter.Tests", "tests\Unit\Compendium.Adapters.OpenRouter.Tests\Compendium.Adapters.OpenRouter.Tests.csproj", "{C272C817-2EFE-41D3-8D82-B20E0D1377D2}"
EndProject
Project("{FAE04EC0-301F-11D3-BF4B-00C04F79EFBC}") = "Compendium.Adapters.Zitadel.Tests", "tests\Unit\Compendium.Adapters.Zitadel.Tests\Compendium.Adapters.Zitadel.Tests.csproj", "{D50D5DA0-ACA5-4EDB-8C6D-E9CA68F4BC33}"
EndProject
Project("{FAE04EC0-301F-11D3-BF4B-00C04F79EFBC}") = "Compendium.Adapters.Stripe.Tests", "tests\Unit\Compendium.Adapters.Stripe.Tests\Compendium.Adapters.Stripe.Tests.csproj", "{45ECC486-9B2B-4D63-9B61-4ED6B79C1223}"
EndProject
Project("{FAE04EC0-301F-11D3-BF4B-00C04F79EFBC}") = "Compendium.Abstractions.AI.Tests", "tests\Unit\Compendium.Abstractions.AI.Tests\Compendium.Abstractions.AI.Tests.csproj", "{9032F2E5-2B2C-4C64-B0F8-751F58AEF346}"
EndProject
Project("{FAE04EC0-301F-11D3-BF4B-00C04F79EFBC}") = "Compendium.Multitenancy.Tests", "tests\Unit\Compendium.Multitenancy.Tests\Compendium.Multitenancy.Tests.csproj", "{0595B92A-FF1D-4ECF-B8A4-538D7CE2EDF1}"
EndProject
Project("{FAE04EC0-301F-11D3-BF4B-00C04F79EFBC}") = "Compendium.Adapters.LemonSqueezy.Tests", "tests\Unit\Compendium.Adapters.LemonSqueezy.Tests\Compendium.Adapters.LemonSqueezy.Tests.csproj", "{0EAE7F0F-125B-4F60-B932-B0B7B75DE5E6}"
EndProject
Project("{FAE04EC0-301F-11D3-BF4B-00C04F79EFBC}") = "Compendium.Extensions.ExternalAdapters.Tests", "tests\Unit\Compendium.Extensions.ExternalAdapters.Tests\Compendium.Extensions.ExternalAdapters.Tests.csproj", "{BC303CFD-4A72-469D-A075-DA07C03B15C1}"
EndProject
Project("{FAE04EC0-301F-11D3-BF4B-00C04F79EFBC}") = "Compendium.Core.Tests", "tests\Unit\Compendium.Core.Tests\Compendium.Core.Tests.csproj", "{54A3672E-F88C-4C11-8934-8AF69C74A9A7}"
EndProject
Project("{FAE04EC0-301F-11D3-BF4B-00C04F79EFBC}") = "Compendium.Infrastructure.Tests", "tests\Unit\Compendium.Infrastructure.Tests\Compendium.Infrastructure.Tests.csproj", "{32514AFA-F738-4BF5-A635-CA9E162DD106}"
EndProject
Project("{FAE04EC0-301F-11D3-BF4B-00C04F79EFBC}") = "Compendium.Adapters.Listmonk.Tests", "tests\Unit\Compendium.Adapters.Listmonk.Tests\Compendium.Adapters.Listmonk.Tests.csproj", "{7C42435C-782F-4174-B19F-AA9892182266}"
EndProject
Project("{2150E333-8FDC-42A3-9474-1A3956D46DE8}") = "Integration", "Integration", "{DEEC6B90-90D2-4053-A2CE-1958BB881B5E}"
EndProject
Project("{FAE04EC0-301F-11D3-BF4B-00C04F79EFBC}") = "Compendium.IntegrationTests", "tests\Integration\Compendium.IntegrationTests\Compendium.IntegrationTests.csproj", "{39246888-A2FE-47E0-BC83-4B3B05AA391F}"
EndProject
Project("{2150E333-8FDC-42A3-9474-1A3956D46DE8}") = "LoadTests", "LoadTests", "{A0005488-4247-4872-9CD5-95696E47BEA5}"
EndProject
Project("{FAE04EC0-301F-11D3-BF4B-00C04F79EFBC}") = "Compendium.LoadTests", "tests\LoadTests\Compendium.LoadTests\Compendium.LoadTests.csproj", "{C4495E66-500F-4582-B56D-C30ED0F41FF3}"
EndProject
Project("{2150E333-8FDC-42A3-9474-1A3956D46DE8}") = "Architecture", "Architecture", "{72B1C880-12A5-4568-85E0-3800536158DC}"
EndProject
Project("{FAE04EC0-301F-11D3-BF4B-00C04F79EFBC}") = "Compendium.ArchitectureTests", "tests\Architecture\Compendium.ArchitectureTests\Compendium.ArchitectureTests.csproj", "{D685E8D8-B3DC-4A65-9ED3-675776610190}"
EndProject
Global
	GlobalSection(SolutionConfigurationPlatforms) = preSolution
		Debug|Any CPU = Debug|Any CPU
		Release|Any CPU = Release|Any CPU
	EndGlobalSection
	GlobalSection(SolutionProperties) = preSolution
		HideSolutionNode = FALSE
	EndGlobalSection
	GlobalSection(ProjectConfigurationPlatforms) = postSolution
		{6DDE8A0C-62D5-4599-88B9-140E865C64DB}.Debug|Any CPU.ActiveCfg = Debug|Any CPU
		{6DDE8A0C-62D5-4599-88B9-140E865C64DB}.Debug|Any CPU.Build.0 = Debug|Any CPU
		{6DDE8A0C-62D5-4599-88B9-140E865C64DB}.Release|Any CPU.ActiveCfg = Release|Any CPU
		{6DDE8A0C-62D5-4599-88B9-140E865C64DB}.Release|Any CPU.Build.0 = Release|Any CPU
		{592DD239-10F3-4A45-B368-04BC19312533}.Debug|Any CPU.ActiveCfg = Debug|Any CPU
		{592DD239-10F3-4A45-B368-04BC19312533}.Debug|Any CPU.Build.0 = Debug|Any CPU
		{592DD239-10F3-4A45-B368-04BC19312533}.Release|Any CPU.ActiveCfg = Release|Any CPU
		{592DD239-10F3-4A45-B368-04BC19312533}.Release|Any CPU.Build.0 = Release|Any CPU
		{D9576A8C-3F20-4BA1-8EA8-EB7CFB4C76A1}.Debug|Any CPU.ActiveCfg = Debug|Any CPU
		{D9576A8C-3F20-4BA1-8EA8-EB7CFB4C76A1}.Debug|Any CPU.Build.0 = Debug|Any CPU
		{D9576A8C-3F20-4BA1-8EA8-EB7CFB4C76A1}.Release|Any CPU.ActiveCfg = Release|Any CPU
		{D9576A8C-3F20-4BA1-8EA8-EB7CFB4C76A1}.Release|Any CPU.Build.0 = Release|Any CPU
		{34418C31-9DE6-4384-A532-F2CA5BBCE8B9}.Debug|Any CPU.ActiveCfg = Debug|Any CPU
		{34418C31-9DE6-4384-A532-F2CA5BBCE8B9}.Debug|Any CPU.Build.0 = Debug|Any CPU
		{34418C31-9DE6-4384-A532-F2CA5BBCE8B9}.Release|Any CPU.ActiveCfg = Release|Any CPU
		{34418C31-9DE6-4384-A532-F2CA5BBCE8B9}.Release|Any CPU.Build.0 = Release|Any CPU
		{BE7CD073-BB6D-43A1-ADD9-6E0B378FCEF7}.Debug|Any CPU.ActiveCfg = Debug|Any CPU
		{BE7CD073-BB6D-43A1-ADD9-6E0B378FCEF7}.Debug|Any CPU.Build.0 = Debug|Any CPU
		{BE7CD073-BB6D-43A1-ADD9-6E0B378FCEF7}.Release|Any CPU.ActiveCfg = Release|Any CPU
		{BE7CD073-BB6D-43A1-ADD9-6E0B378FCEF7}.Release|Any CPU.Build.0 = Release|Any CPU
		{0D98405D-8FD8-4B7D-9582-EDE936C41249}.Debug|Any CPU.ActiveCfg = Debug|Any CPU
		{0D98405D-8FD8-4B7D-9582-EDE936C41249}.Debug|Any CPU.Build.0 = Debug|Any CPU
		{0D98405D-8FD8-4B7D-9582-EDE936C41249}.Release|Any CPU.ActiveCfg = Release|Any CPU
		{0D98405D-8FD8-4B7D-9582-EDE936C41249}.Release|Any CPU.Build.0 = Release|Any CPU
		{FB414847-29F5-4670-BF1B-B238D36E6EC0}.Debug|Any CPU.ActiveCfg = Debug|Any CPU
		{FB414847-29F5-4670-BF1B-B238D36E6EC0}.Debug|Any CPU.Build.0 = Debug|Any CPU
		{FB414847-29F5-4670-BF1B-B238D36E6EC0}.Release|Any CPU.ActiveCfg = Release|Any CPU
		{FB414847-29F5-4670-BF1B-B238D36E6EC0}.Release|Any CPU.Build.0 = Release|Any CPU
		{9729D7BC-8491-4FEC-9CD1-331205238B02}.Debug|Any CPU.ActiveCfg = Debug|Any CPU
		{9729D7BC-8491-4FEC-9CD1-331205238B02}.Debug|Any CPU.Build.0 = Debug|Any CPU
		{9729D7BC-8491-4FEC-9CD1-331205238B02}.Release|Any CPU.ActiveCfg = Release|Any CPU
		{9729D7BC-8491-4FEC-9CD1-331205238B02}.Release|Any CPU.Build.0 = Release|Any CPU
		{72568626-69C0-4F8B-99E6-5B9C19B628F0}.Debug|Any CPU.ActiveCfg = Debug|Any CPU
		{72568626-69C0-4F8B-99E6-5B9C19B628F0}.Debug|Any CPU.Build.0 = Debug|Any CPU
		{72568626-69C0-4F8B-99E6-5B9C19B628F0}.Release|Any CPU.ActiveCfg = Release|Any CPU
		{72568626-69C0-4F8B-99E6-5B9C19B628F0}.Release|Any CPU.Build.0 = Release|Any CPU
		{40EA7AF8-F482-46E1-A12A-E7262611AD56}.Debug|Any CPU.ActiveCfg = Debug|Any CPU
		{40EA7AF8-F482-46E1-A12A-E7262611AD56}.Debug|Any CPU.Build.0 = Debug|Any CPU
		{40EA7AF8-F482-46E1-A12A-E7262611AD56}.Release|Any CPU.ActiveCfg = Release|Any CPU
		{40EA7AF8-F482-46E1-A12A-E7262611AD56}.Release|Any CPU.Build.0 = Release|Any CPU
		{63B5170D-14B9-42E0-A802-60C725C76779}.Debug|Any CPU.ActiveCfg = Debug|Any CPU
		{63B5170D-14B9-42E0-A802-60C725C76779}.Debug|Any CPU.Build.0 = Debug|Any CPU
		{63B5170D-14B9-42E0-A802-60C725C76779}.Release|Any CPU.ActiveCfg = Release|Any CPU
		{63B5170D-14B9-42E0-A802-60C725C76779}.Release|Any CPU.Build.0 = Release|Any CPU
		{3250A41B-0FD8-4AAB-9E6F-52E36DA0C4DF}.Debug|Any CPU.ActiveCfg = Debug|Any CPU
		{3250A41B-0FD8-4AAB-9E6F-52E36DA0C4DF}.Debug|Any CPU.Build.0 = Debug|Any CPU
		{3250A41B-0FD8-4AAB-9E6F-52E36DA0C4DF}.Release|Any CPU.ActiveCfg = Release|Any CPU
		{3250A41B-0FD8-4AAB-9E6F-52E36DA0C4DF}.Release|Any CPU.Build.0 = Release|Any CPU
		{DB237D9D-D74E-44B8-BBF8-FD42C2D11451}.Debug|Any CPU.ActiveCfg = Debug|Any CPU
		{DB237D9D-D74E-44B8-BBF8-FD42C2D11451}.Debug|Any CPU.Build.0 = Debug|Any CPU
		{DB237D9D-D74E-44B8-BBF8-FD42C2D11451}.Release|Any CPU.ActiveCfg = Release|Any CPU
		{DB237D9D-D74E-44B8-BBF8-FD42C2D11451}.Release|Any CPU.Build.0 = Release|Any CPU
		{8CB6059E-3D0D-45C5-BD52-D34E36C54D4A}.Debug|Any CPU.ActiveCfg = Debug|Any CPU
		{8CB6059E-3D0D-45C5-BD52-D34E36C54D4A}.Debug|Any CPU.Build.0 = Debug|Any CPU
		{8CB6059E-3D0D-45C5-BD52-D34E36C54D4A}.Release|Any CPU.ActiveCfg = Release|Any CPU
		{8CB6059E-3D0D-45C5-BD52-D34E36C54D4A}.Release|Any CPU.Build.0 = Release|Any CPU
		{6D4EACF9-3B8B-49C2-B413-335A110F5302}.Debug|Any CPU.ActiveCfg = Debug|Any CPU
		{6D4EACF9-3B8B-49C2-B413-335A110F5302}.Debug|Any CPU.Build.0 = Debug|Any CPU
		{6D4EACF9-3B8B-49C2-B413-335A110F5302}.Release|Any CPU.ActiveCfg = Release|Any CPU
		{6D4EACF9-3B8B-49C2-B413-335A110F5302}.Release|Any CPU.Build.0 = Release|Any CPU
		{0141D7D7-84F4-468F-89F7-167A64668760}.Debug|Any CPU.ActiveCfg = Debug|Any CPU
		{0141D7D7-84F4-468F-89F7-167A64668760}.Debug|Any CPU.Build.0 = Debug|Any CPU
		{0141D7D7-84F4-468F-89F7-167A64668760}.Release|Any CPU.ActiveCfg = Release|Any CPU
		{0141D7D7-84F4-468F-89F7-167A64668760}.Release|Any CPU.Build.0 = Release|Any CPU
		{3C210D25-1990-4DD1-8CAA-9BB53666F01E}.Debug|Any CPU.ActiveCfg = Debug|Any CPU
		{3C210D25-1990-4DD1-8CAA-9BB53666F01E}.Debug|Any CPU.Build.0 = Debug|Any CPU
		{3C210D25-1990-4DD1-8CAA-9BB53666F01E}.Release|Any CPU.ActiveCfg = Release|Any CPU
		{3C210D25-1990-4DD1-8CAA-9BB53666F01E}.Release|Any CPU.Build.0 = Release|Any CPU
		{CDEE02AD-49F3-48FC-8133-C6732497F7AA}.Debug|Any CPU.ActiveCfg = Debug|Any CPU
		{CDEE02AD-49F3-48FC-8133-C6732497F7AA}.Debug|Any CPU.Build.0 = Debug|Any CPU
		{CDEE02AD-49F3-48FC-8133-C6732497F7AA}.Release|Any CPU.ActiveCfg = Release|Any CPU
		{CDEE02AD-49F3-48FC-8133-C6732497F7AA}.Release|Any CPU.Build.0 = Release|Any CPU
		{3CA96EB0-3E90-4824-B8A0-38CFF879DCEA}.Debug|Any CPU.ActiveCfg = Debug|Any CPU
		{3CA96EB0-3E90-4824-B8A0-38CFF879DCEA}.Debug|Any CPU.Build.0 = Debug|Any CPU
		{3CA96EB0-3E90-4824-B8A0-38CFF879DCEA}.Release|Any CPU.ActiveCfg = Release|Any CPU
		{3CA96EB0-3E90-4824-B8A0-38CFF879DCEA}.Release|Any CPU.Build.0 = Release|Any CPU
		{C272C817-2EFE-41D3-8D82-B20E0D1377D2}.Debug|Any CPU.ActiveCfg = Debug|Any CPU
		{C272C817-2EFE-41D3-8D82-B20E0D1377D2}.Debug|Any CPU.Build.0 = Debug|Any CPU
		{C272C817-2EFE-41D3-8D82-B20E0D1377D2}.Release|Any CPU.ActiveCfg = Release|Any CPU
		{C272C817-2EFE-41D3-8D82-B20E0D1377D2}.Release|Any CPU.Build.0 = Release|Any CPU
		{D50D5DA0-ACA5-4EDB-8C6D-E9CA68F4BC33}.Debug|Any CPU.ActiveCfg = Debug|Any CPU
		{D50D5DA0-ACA5-4EDB-8C6D-E9CA68F4BC33}.Debug|Any CPU.Build.0 = Debug|Any CPU
		{D50D5DA0-ACA5-4EDB-8C6D-E9CA68F4BC33}.Release|Any CPU.ActiveCfg = Release|Any CPU
		{D50D5DA0-ACA5-4EDB-8C6D-E9CA68F4BC33}.Release|Any CPU.Build.0 = Release|Any CPU
		{45ECC486-9B2B-4D63-9B61-4ED6B79C1223}.Debug|Any CPU.ActiveCfg = Debug|Any CPU
		{45ECC486-9B2B-4D63-9B61-4ED6B79C1223}.Debug|Any CPU.Build.0 = Debug|Any CPU
		{45ECC486-9B2B-4D63-9B61-4ED6B79C1223}.Release|Any CPU.ActiveCfg = Release|Any CPU
		{45ECC486-9B2B-4D63-9B61-4ED6B79C1223}.Release|Any CPU.Build.0 = Release|Any CPU
		{9032F2E5-2B2C-4C64-B0F8-751F58AEF346}.Debug|Any CPU.ActiveCfg = Debug|Any CPU
		{9032F2E5-2B2C-4C64-B0F8-751F58AEF346}.Debug|Any CPU.Build.0 = Debug|Any CPU
		{9032F2E5-2B2C-4C64-B0F8-751F58AEF346}.Release|Any CPU.ActiveCfg = Release|Any CPU
		{9032F2E5-2B2C-4C64-B0F8-751F58AEF346}.Release|Any CPU.Build.0 = Release|Any CPU
		{0595B92A-FF1D-4ECF-B8A4-538D7CE2EDF1}.Debug|Any CPU.ActiveCfg = Debug|Any CPU
		{0595B92A-FF1D-4ECF-B8A4-538D7CE2EDF1}.Debug|Any CPU.Build.0 = Debug|Any CPU
		{0595B92A-FF1D-4ECF-B8A4-538D7CE2EDF1}.Release|Any CPU.ActiveCfg = Release|Any CPU
		{0595B92A-FF1D-4ECF-B8A4-538D7CE2EDF1}.Release|Any CPU.Build.0 = Release|Any CPU
		{0EAE7F0F-125B-4F60-B932-B0B7B75DE5E6}.Debug|Any CPU.ActiveCfg = Debug|Any CPU
		{0EAE7F0F-125B-4F60-B932-B0B7B75DE5E6}.Debug|Any CPU.Build.0 = Debug|Any CPU
		{0EAE7F0F-125B-4F60-B932-B0B7B75DE5E6}.Release|Any CPU.ActiveCfg = Release|Any CPU
		{0EAE7F0F-125B-4F60-B932-B0B7B75DE5E6}.Release|Any CPU.Build.0 = Release|Any CPU
		{BC303CFD-4A72-469D-A075-DA07C03B15C1}.Debug|Any CPU.ActiveCfg = Debug|Any CPU
		{BC303CFD-4A72-469D-A075-DA07C03B15C1}.Debug|Any CPU.Build.0 = Debug|Any CPU
		{BC303CFD-4A72-469D-A075-DA07C03B15C1}.Release|Any CPU.ActiveCfg = Release|Any CPU
		{BC303CFD-4A72-469D-A075-DA07C03B15C1}.Release|Any CPU.Build.0 = Release|Any CPU
		{54A3672E-F88C-4C11-8934-8AF69C74A9A7}.Debug|Any CPU.ActiveCfg = Debug|Any CPU
		{54A3672E-F88C-4C11-8934-8AF69C74A9A7}.Debug|Any CPU.Build.0 = Debug|Any CPU
		{54A3672E-F88C-4C11-8934-8AF69C74A9A7}.Release|Any CPU.ActiveCfg = Release|Any CPU
		{54A3672E-F88C-4C11-8934-8AF69C74A9A7}.Release|Any CPU.Build.0 = Release|Any CPU
		{32514AFA-F738-4BF5-A635-CA9E162DD106}.Debug|Any CPU.ActiveCfg = Debug|Any CPU
		{32514AFA-F738-4BF5-A635-CA9E162DD106}.Debug|Any CPU.Build.0 = Debug|Any CPU
		{32514AFA-F738-4BF5-A635-CA9E162DD106}.Release|Any CPU.ActiveCfg = Release|Any CPU
		{32514AFA-F738-4BF5-A635-CA9E162DD106}.Release|Any CPU.Build.0 = Release|Any CPU
		{7C42435C-782F-4174-B19F-AA9892182266}.Debug|Any CPU.ActiveCfg = Debug|Any CPU
		{7C42435C-782F-4174-B19F-AA9892182266}.Debug|Any CPU.Build.0 = Debug|Any CPU
		{7C42435C-782F-4174-B19F-AA9892182266}.Release|Any CPU.ActiveCfg = Release|Any CPU
		{7C42435C-782F-4174-B19F-AA9892182266}.Release|Any CPU.Build.0 = Release|Any CPU
		{39246888-A2FE-47E0-BC83-4B3B05AA391F}.Debug|Any CPU.ActiveCfg = Debug|Any CPU
		{39246888-A2FE-47E0-BC83-4B3B05AA391F}.Debug|Any CPU.Build.0 = Debug|Any CPU
		{39246888-A2FE-47E0-BC83-4B3B05AA391F}.Release|Any CPU.ActiveCfg = Release|Any CPU
		{39246888-A2FE-47E0-BC83-4B3B05AA391F}.Release|Any CPU.Build.0 = Release|Any CPU
		{C4495E66-500F-4582-B56D-C30ED0F41FF3}.Debug|Any CPU.ActiveCfg = Debug|Any CPU
		{C4495E66-500F-4582-B56D-C30ED0F41FF3}.Debug|Any CPU.Build.0 = Debug|Any CPU
		{C4495E66-500F-4582-B56D-C30ED0F41FF3}.Release|Any CPU.ActiveCfg = Release|Any CPU
		{C4495E66-500F-4582-B56D-C30ED0F41FF3}.Release|Any CPU.Build.0 = Release|Any CPU
		{D685E8D8-B3DC-4A65-9ED3-675776610190}.Debug|Any CPU.ActiveCfg = Debug|Any CPU
		{D685E8D8-B3DC-4A65-9ED3-675776610190}.Debug|Any CPU.Build.0 = Debug|Any CPU
		{D685E8D8-B3DC-4A65-9ED3-675776610190}.Release|Any CPU.ActiveCfg = Release|Any CPU
		{D685E8D8-B3DC-4A65-9ED3-675776610190}.Release|Any CPU.Build.0 = Release|Any CPU
	EndGlobalSection
	GlobalSection(NestedProjects) = preSolution
		{FE421F00-7FFD-4666-A961-F1FF325ECD34} = {E35C8F52-5000-4427-9589-AEB5987C1AC6}
		{6DDE8A0C-62D5-4599-88B9-140E865C64DB} = {FE421F00-7FFD-4666-A961-F1FF325ECD34}
		{EB7EC291-3D6B-428E-A864-67838E531D02} = {E35C8F52-5000-4427-9589-AEB5987C1AC6}
		{592DD239-10F3-4A45-B368-04BC19312533} = {EB7EC291-3D6B-428E-A864-67838E531D02}
		{F9D68B92-675B-4F54-971E-582E6B8CDEBB} = {E35C8F52-5000-4427-9589-AEB5987C1AC6}
		{D9576A8C-3F20-4BA1-8EA8-EB7CFB4C76A1} = {F9D68B92-675B-4F54-971E-582E6B8CDEBB}
		{73261E87-8FCA-40B6-940B-E25CBDBE33FB} = {E35C8F52-5000-4427-9589-AEB5987C1AC6}
		{34418C31-9DE6-4384-A532-F2CA5BBCE8B9} = {73261E87-8FCA-40B6-940B-E25CBDBE33FB}
		{BE7CD073-BB6D-43A1-ADD9-6E0B378FCEF7} = {73261E87-8FCA-40B6-940B-E25CBDBE33FB}
		{0D98405D-8FD8-4B7D-9582-EDE936C41249} = {73261E87-8FCA-40B6-940B-E25CBDBE33FB}
		{FB414847-29F5-4670-BF1B-B238D36E6EC0} = {73261E87-8FCA-40B6-940B-E25CBDBE33FB}
		{9729D7BC-8491-4FEC-9CD1-331205238B02} = {73261E87-8FCA-40B6-940B-E25CBDBE33FB}
		{72568626-69C0-4F8B-99E6-5B9C19B628F0} = {73261E87-8FCA-40B6-940B-E25CBDBE33FB}
		{40EA7AF8-F482-46E1-A12A-E7262611AD56} = {73261E87-8FCA-40B6-940B-E25CBDBE33FB}
		{63B5170D-14B9-42E0-A802-60C725C76779} = {73261E87-8FCA-40B6-940B-E25CBDBE33FB}
		{7D93B604-672F-42F8-8BB5-F04DF5D76B04} = {E35C8F52-5000-4427-9589-AEB5987C1AC6}
		{3250A41B-0FD8-4AAB-9E6F-52E36DA0C4DF} = {7D93B604-672F-42F8-8BB5-F04DF5D76B04}
		{DE85A2F8-C0BA-47FD-8E9A-7D782FD6D3E2} = {E35C8F52-5000-4427-9589-AEB5987C1AC6}
		{DB237D9D-D74E-44B8-BBF8-FD42C2D11451} = {DE85A2F8-C0BA-47FD-8E9A-7D782FD6D3E2}
		{8CB6059E-3D0D-45C5-BD52-D34E36C54D4A} = {DE85A2F8-C0BA-47FD-8E9A-7D782FD6D3E2}
		{6D4EACF9-3B8B-49C2-B413-335A110F5302} = {DE85A2F8-C0BA-47FD-8E9A-7D782FD6D3E2}
		{0141D7D7-84F4-468F-89F7-167A64668760} = {DE85A2F8-C0BA-47FD-8E9A-7D782FD6D3E2}
		{3C210D25-1990-4DD1-8CAA-9BB53666F01E} = {DE85A2F8-C0BA-47FD-8E9A-7D782FD6D3E2}
		{358D8F06-DA30-470A-AD05-C6F7F9E27F6D} = {E35C8F52-5000-4427-9589-AEB5987C1AC6}
		{CDEE02AD-49F3-48FC-8133-C6732497F7AA} = {358D8F06-DA30-470A-AD05-C6F7F9E27F6D}
		{BAD15760-DEE2-4B2B-A3BB-8C3F0BCFD9BD} = {E35C8F52-5000-4427-9589-AEB5987C1AC6}
		{3CA96EB0-3E90-4824-B8A0-38CFF879DCEA} = {BAD15760-DEE2-4B2B-A3BB-8C3F0BCFD9BD}
		{6E0B453A-55CF-4567-ADBD-50CFB84CE629} = {B23A5693-C266-43DC-8D3E-CBB108131762}
		{C272C817-2EFE-41D3-8D82-B20E0D1377D2} = {6E0B453A-55CF-4567-ADBD-50CFB84CE629}
		{D50D5DA0-ACA5-4EDB-8C6D-E9CA68F4BC33} = {6E0B453A-55CF-4567-ADBD-50CFB84CE629}
		{45ECC486-9B2B-4D63-9B61-4ED6B79C1223} = {6E0B453A-55CF-4567-ADBD-50CFB84CE629}
		{9032F2E5-2B2C-4C64-B0F8-751F58AEF346} = {6E0B453A-55CF-4567-ADBD-50CFB84CE629}
		{0595B92A-FF1D-4ECF-B8A4-538D7CE2EDF1} = {6E0B453A-55CF-4567-ADBD-50CFB84CE629}
		{0EAE7F0F-125B-4F60-B932-B0B7B75DE5E6} = {6E0B453A-55CF-4567-ADBD-50CFB84CE629}
		{BC303CFD-4A72-469D-A075-DA07C03B15C1} = {6E0B453A-55CF-4567-ADBD-50CFB84CE629}
		{54A3672E-F88C-4C11-8934-8AF69C74A9A7} = {6E0B453A-55CF-4567-ADBD-50CFB84CE629}
		{32514AFA-F738-4BF5-A635-CA9E162DD106} = {6E0B453A-55CF-4567-ADBD-50CFB84CE629}
		{7C42435C-782F-4174-B19F-AA9892182266} = {6E0B453A-55CF-4567-ADBD-50CFB84CE629}
		{DEEC6B90-90D2-4053-A2CE-1958BB881B5E} = {B23A5693-C266-43DC-8D3E-CBB108131762}
		{39246888-A2FE-47E0-BC83-4B3B05AA391F} = {DEEC6B90-90D2-4053-A2CE-1958BB881B5E}
		{A0005488-4247-4872-9CD5-95696E47BEA5} = {B23A5693-C266-43DC-8D3E-CBB108131762}
		{C4495E66-500F-4582-B56D-C30ED0F41FF3} = {A0005488-4247-4872-9CD5-95696E47BEA5}
		{72B1C880-12A5-4568-85E0-3800536158DC} = {B23A5693-C266-43DC-8D3E-CBB108131762}
		{D685E8D8-B3DC-4A65-9ED3-675776610190} = {72B1C880-12A5-4568-85E0-3800536158DC}
	EndGlobalSection
EndGlobal
